
Microsoft Visual Studio Solution File, Format Version 12.00
# Visual Studio Version 17
VisualStudioVersion = 17.0.31903.59
MinimumVisualStudioVersion = 10.0.40219.1
Project("{FAE04EC0-301F-11D3-BF4B-00C04F79EFBC}") = "TestBase.Web", "src\TestBase.Web\TestBase.Web.csproj", "{2EED86A3-45CB-4796-9143-4F237B584AF6}"
EndProject
Project("{FAE04EC0-301F-11D3-BF4B-00C04F79EFBC}") = "TestBase.Shared", "src\TestBase.Shared\TestBase.Shared.csproj", "{A38A4CBF-07BC-4920-BFD7-DA1E03ECB108}"
EndProject
Project("{2150E333-8FDC-42A3-9474-1A3956D46DE8}") = "tests", "tests", "{0AB3BF05-4346-4AA6-1389-037BE0695223}"
EndProject
Project("{FAE04EC0-301F-11D3-BF4B-00C04F79EFBC}") = "TestBase.IntegrationTests", "tests\TestBase.IntegrationTests\TestBase.IntegrationTests.csproj", "{2284F2FD-17CA-4AD7-A03C-8EEA21753718}"
EndProject
Global
	GlobalSection(SolutionConfigurationPlatforms) = preSolution
		Debug|Any CPU = Debug|Any CPU
		Debug|x64 = Debug|x64
		Debug|x86 = Debug|x86
		Release|Any CPU = Release|Any CPU
		Release|x64 = Release|x64
		Release|x86 = Release|x86
	EndGlobalSection
	GlobalSection(ProjectConfigurationPlatforms) = postSolution
		{2EED86A3-45CB-4796-9143-4F237B584AF6}.Debug|Any CPU.ActiveCfg = Debug|Any CPU
		{2EED86A3-45CB-4796-9143-4F237B584AF6}.Debug|Any CPU.Build.0 = Debug|Any CPU
		{2EED86A3-45CB-4796-9143-4F237B584AF6}.Debug|x64.ActiveCfg = Debug|Any CPU
		{2EED86A3-45CB-4796-9143-4F237B584AF6}.Debug|x64.Build.0 = Debug|Any CPU
		{2EED86A3-45CB-4796-9143-4F237B584AF6}.Debug|x86.ActiveCfg = Debug|Any CPU
		{2EED86A3-45CB-4796-9143-4F237B584AF6}.Debug|x86.Build.0 = Debug|Any CPU
		{2EED86A3-45CB-4796-9143-4F237B584AF6}.Release|Any CPU.ActiveCfg = Release|Any CPU
		{2EED86A3-45CB-4796-9143-4F237B584AF6}.Release|Any CPU.Build.0 = Release|Any CPU
		{2EED86A3-45CB-4796-9143-4F237B584AF6}.Release|x64.ActiveCfg = Release|Any CPU
		{2EED86A3-45CB-4796-9143-4F237B584AF6}.Release|x64.Build.0 = Release|Any CPU
		{2EED86A3-45CB-4796-9143-4F237B584AF6}.Release|x86.ActiveCfg = Release|Any CPU
		{2EED86A3-45CB-4796-9143-4F237B584AF6}.Release|x86.Build.0 = Release|Any CPU
		{A38A4CBF-07BC-4920-BFD7-DA1E03ECB108}.Debug|Any CPU.ActiveCfg = Debug|Any CPU
		{A38A4CBF-07BC-4920-BFD7-DA1E03ECB108}.Debug|Any CPU.Build.0 = Debug|Any CPU
		{A38A4CBF-07BC-4920-BFD7-DA1E03ECB108}.Debug|x64.ActiveCfg = Debug|Any CPU
		{A38A4CBF-07BC-4920-BFD7-DA1E03ECB108}.Debug|x64.Build.0 = Debug|Any CPU
		{A38A4CBF-07BC-4920-BFD7-DA1E03ECB108}.Debug|x86.ActiveCfg = Debug|Any CPU
		{A38A4CBF-07BC-4920-BFD7-DA1E03ECB108}.Debug|x86.Build.0 = Debug|Any CPU
		{A38A4CBF-07BC-4920-BFD7-DA1E03ECB108}.Release|Any CPU.ActiveCfg = Release|Any CPU
		{A38A4CBF-07BC-4920-BFD7-DA1E03ECB108}.Release|Any CPU.Build.0 = Release|Any CPU
		{A38A4CBF-07BC-4920-BFD7-DA1E03ECB108}.Release|x64.ActiveCfg = Release|Any CPU
		{A38A4CBF-07BC-4920-BFD7-DA1E03ECB108}.Release|x64.Build.0 = Release|Any CPU
		{A38A4CBF-07BC-4920-BFD7-DA1E03ECB108}.Release|x86.ActiveCfg = Release|Any CPU
		{A38A4CBF-07BC-4920-BFD7-DA1E03ECB108}.Release|x86.Build.0 = Release|Any CPU
		{2284F2FD-17CA-4AD7-A03C-8EEA21753718}.Debug|Any CPU.ActiveCfg = Debug|Any CPU
		{2284F2FD-17CA-4AD7-A03C-8EEA21753718}.Debug|Any CPU.Build.0 = Debug|Any CPU
		{2284F2FD-17CA-4AD7-A03C-8EEA21753718}.Debug|x64.ActiveCfg = Debug|Any CPU
		{2284F2FD-17CA-4AD7-A03C-8EEA21753718}.Debug|x64.Build.0 = Debug|Any CPU
		{2284F2FD-17CA-4AD7-A03C-8EEA21753718}.Debug|x86.ActiveCfg = Debug|Any CPU
		{2284F2FD-17CA-4AD7-A03C-8EEA21753718}.Debug|x86.Build.0 = Debug|Any CPU
		{2284F2FD-17CA-4AD7-A03C-8EEA21753718}.Release|Any CPU.ActiveCfg = Release|Any CPU
		{2284F2FD-17CA-4AD7-A03C-8EEA21753718}.Release|Any CPU.Build.0 = Release|Any CPU
		{2284F2FD-17CA-4AD7-A03C-8EEA21753718}.Release|x64.ActiveCfg = Release|Any CPU
		{2284F2FD-17CA-4AD7-A03C-8EEA21753718}.Release|x64.Build.0 = Release|Any CPU
		{2284F2FD-17CA-4AD7-A03C-8EEA21753718}.Release|x86.ActiveCfg = Release|Any CPU
		{2284F2FD-17CA-4AD7-A03C-8EEA21753718}.Release|x86.Build.0 = Release|Any CPU
	EndGlobalSection
	GlobalSection(SolutionProperties) = preSolution
		HideSolutionNode = FALSE
	EndGlobalSection
	GlobalSection(NestedProjects) = preSolution
		{2284F2FD-17CA-4AD7-A03C-8EEA21753718} = {0AB3BF05-4346-4AA6-1389-037BE0695223}
	EndGlobalSection
EndGlobal
